
Microsoft Visual Studio Solution File, Format Version 12.00
# Visual Studio Version 16
VisualStudioVersion = 16.0.31624.102
MinimumVisualStudioVersion = 10.0.40219.1
Project("{FAE04EC0-301F-11D3-BF4B-00C04F79EFBC}") = "SistemaDeAlmacen", "SistemaDeAlmacen\SistemaDeAlmacen.csproj", "{753173C9-5F0F-40B5-8CAA-65B6F54C28CA}"
EndProject
Global
	GlobalSection(SolutionConfigurationPlatforms) = preSolution
		Debug|Any CPU = Debug|Any CPU
		Release|Any CPU = Release|Any CPU
	EndGlobalSection
	GlobalSection(ProjectConfigurationPlatforms) = postSolution
		{753173C9-5F0F-40B5-8CAA-65B6F54C28CA}.Debug|Any CPU.ActiveCfg = Debug|Any CPU
		{753173C9-5F0F-40B5-8CAA-65B6F54C28CA}.Debug|Any CPU.Build.0 = Debug|Any CPU
		{753173C9-5F0F-40B5-8CAA-65B6F54C28CA}.Release|Any CPU.ActiveCfg = Release|Any CPU
		{753173C9-5F0F-40B5-8CAA-65B6F54C28CA}.Release|Any CPU.Build.0 = Release|Any CPU
	EndGlobalSection
	GlobalSection(SolutionProperties) = preSolution
		HideSolutionNode = FALSE
	EndGlobalSection
	GlobalSection(ExtensibilityGlobals) = postSolution
		SolutionGuid = {27C3852F-5FAB-4BAD-ADFD-03CD43A1489C}
	EndGlobalSection
EndGlobal
